{
  "version": 1,
  "dependencies": {
    "net10.0-windows10.0.26100": {
      "Microsoft.NET.Test.Sdk": {
        "type": "Direct",
        "requested": "[18.8.1, )",
        "resolved": "18.8.1",
        "contentHash": "dknJL3/9Y3t4XuCBqnc0PevPxgLsUMmVhjwup/b1HNovA8zWcj3XsfIf7c6p05363DWcqL7X/YhDL9B+Zymv1w==",
        "dependencies": {
          "Microsoft.CodeCoverage": "18.8.1",
          "Microsoft.TestPlatform.TestHost": "18.8.1"
        }
      },
      "NUnit": {
        "type": "Direct",
        "requested": "[4.6.1, )",
        "resolved": "4.6.1",
        "contentHash": "xS4+YaBFUv1r8bcAbjitSfYaRZGfMwUiMdiaRziBXZpKgVxKDSHhjUn0mV5mObHGZRZq6eNa+WFWr3g8grj66A=="
      },
      "NUnit.Analyzers": {
        "type": "Direct",
        "requested": "[4.14.0, )",
        "resolved": "4.14.0",
        "contentHash": "xrpVoRNnEkK16+LS/vP4Lfch6vQ+ZJJrxFHeWN799sBzn1IpBTw8YPgDyJeT0gPsq8kpUV/N6+vv2UpnXNBU/g=="
      },
      "NUnit3TestAdapter": {
        "type": "Direct",
        "requested": "[6.2.0, )",
        "resolved": "6.2.0",
        "contentHash": "8PMJB8za2u8S0ey/nEtvh9BHjLhv5yzUEMCmA0+VIPLKSeOAZ3TEHWDyAp0+iPQb3jnBH1o8k0PoU2FgzXLRnQ==",
        "dependencies": {
          "Microsoft.Extensions.DependencyModel": "8.0.2",
          "Microsoft.Testing.Extensions.VSTestBridge": "2.1.0",
          "Microsoft.Testing.Platform.MSBuild": "2.1.0"
        }
      },
      "Autoupdater.NET.Official": {
        "type": "Transitive",
        "resolved": "1.9.3",
        "contentHash": "Y+EBF06yirUKojQIh9w3xCeD1BNThIJUxHu34TvruaAFx5gaOQXO98OIF0YI0kCd//4JKv437MWGB7YDQNLTYA==",
        "dependencies": {
          "Microsoft.Web.WebView2": "1.0.4078.44"
        }
      },
      "CommandLineParser": {
        "type": "Transitive",
        "resolved": "2.9.1",
        "contentHash": "OE0sl1/sQ37bjVsPKKtwQlWDgqaxWgtme3xZz7JssWUzg5JpMIyHgCTY9MVMxOg48fJ1AgGT3tgdH5m/kQ5xhA=="
      },
      "CommunityToolkit.Common": {
        "type": "Transitive",
        "resolved": "8.2.1",
        "contentHash": "LWuhy8cQKJ/MYcy3XafJ916U3gPH/YDvYoNGWyQWN11aiEKCZszzPOTJAOvBjP9yG8vHmIcCyPUt4L82OK47Iw=="
      },
      "CommunityToolkit.Mvvm": {
        "type": "Transitive",
        "resolved": "8.4.2",
        "contentHash": "WadCzGEc2U+3e20avRLng4qNtt4zoOGWrdUISqJWrHe3/FSnrYjuM5Sb4yQb09LhkBXrrI4Zt3dLKgRMbItsrg=="
      },
      "CommunityToolkit.WinUI.Controls.SettingsControls": {
        "type": "Transitive",
        "resolved": "8.2.251219",
        "contentHash": "BAuRi34AOBCYXK/obT9Fwzt9KtxhPrO67yNINXF6+Dit4sAiwtVgehN9y/dJHco96/zZiTX3yF85mBjRyw6AXQ==",
        "dependencies": {
          "CommunityToolkit.WinUI.Triggers": "8.2.251219",
          "Microsoft.WindowsAppSDK": "1.6.250108002"
        }
      },
      "CommunityToolkit.WinUI.Extensions": {
        "type": "Transitive",
        "resolved": "8.2.251219",
        "contentHash": "7ydxHF7jRl889qymGihhng4Yy5hFCxTxw+iKFM4XBo27bBAJxzr45Iu7GIZrydY5lhEgsG+xE4ZCA6HccNFxNA==",
        "dependencies": {
          "CommunityToolkit.Common": "8.2.1",
          "Microsoft.WindowsAppSDK": "1.6.250108002"
        }
      },
      "CommunityToolkit.WinUI.Helpers": {
        "type": "Transitive",
        "resolved": "8.2.251219",
        "contentHash": "Ksyd6yoItNnZSae3901n04pwM81h34kHPrR+pGYd5OxBAR7NVksFJBi1r2xcJV1Rg/bg+40blHJsZk85KgF/cw==",
        "dependencies": {
          "CommunityToolkit.WinUI.Extensions": "8.2.251219",
          "Microsoft.WindowsAppSDK": "1.6.250108002"
        }
      },
      "CommunityToolkit.WinUI.Triggers": {
        "type": "Transitive",
        "resolved": "8.2.251219",
        "contentHash": "E1D5jZ93hI2VkDJjHFvVPdwWBYG7gubx/zw9mS3aOL60rhroGuy9Jq/WqzL+VNaKFzsXZ4CZ0ivjOP7/SLGxIg==",
        "dependencies": {
          "CommunityToolkit.WinUI.Helpers": "8.2.251219",
          "Microsoft.WindowsAppSDK": "1.6.250108002"
        }
      },
      "FluentFTP": {
        "type": "Transitive",
        "resolved": "53.0.2",
        "contentHash": "EaBY+FECGqlfDL1HnxaSrPCuakebW6xlfNt/VsH5daPS76kfKA3hZiJjH6OTceNzNDWl9HTpwRXOP96mHWhbIg=="
      },
      "FluentFTP.Logging": {
        "type": "Transitive",
        "resolved": "1.0.0",
        "contentHash": "+QKPtR47jUHUxmLHcESeo7tU7nrPhTR2FIeBzk34JZ6hef/WGIow3o6N5OXDS/sveqyP/AIzRS9B2yT5PNx0Fg==",
        "dependencies": {
          "FluentFTP": "43.0.1",
          "Microsoft.Extensions.Logging": "2.1.0"
        }
      },
      "H.GeneratedIcons.System.Drawing": {
        "type": "Transitive",
        "resolved": "2.4.1",
        "contentHash": "gjYhuwHQzISqKhcNYaRdDhzKCoqLZii+6TTHP0MQf4Q9+H6z4f4A5Xu/j8B8XpFPQ1grCMlQYREvNyNJT9Q/Bg==",
        "dependencies": {
          "System.Drawing.Common": "10.0.0"
        }
      },
      "H.NotifyIcon": {
        "type": "Transitive",
        "resolved": "2.4.1",
        "contentHash": "nNPgNzo5UHcWYpVLO3AsRlH8fKE9shBA7/WLpZrFZUFbzpKGcLnz15Kmg0pQ851aboAfm3YuHjYFsYQges/pyw==",
        "dependencies": {
          "H.GeneratedIcons.System.Drawing": "2.4.1"
        }
      },
      "H.NotifyIcon.WinUI": {
        "type": "Transitive",
        "resolved": "2.4.1",
        "contentHash": "QoBt6cEMvbDESwDpbUXzM+2zKqeYk25++BtFocE0PiYzihn2w8/LqTz9gHA0b0TawW/wBkAjK9w+JpCL75V+Yg==",
        "dependencies": {
          "H.NotifyIcon": "2.4.1",
          "Microsoft.WindowsAppSDK": "1.6.250108002"
        }
      },
      "Humanizer.Core": {
        "type": "Transitive",
        "resolved": "3.0.10",
        "contentHash": "yZIhtw8sYuvsONzQbZxWpR60tMWYHXoo0DL6nyOqSFiU5POjBTSEyWFpTQtJEZuy+oqiYTXKXY/Mjx7KnqIQFw=="
      },
      "Humanizer.Core.de": {
        "type": "Transitive",
        "resolved": "3.0.10",
        "contentHash": "UoJk/DmAOFZivuMulLoB52Pn5iFvSqurF7qQQAyUAz1/IUZjxkoeoiI5mMILEjVeGoQJqrylt6O+f8johCo0Bg==",
        "dependencies": {
          "Humanizer.Core": "[3.0.10]"
        }
      },
      "Microsoft.ApplicationInsights": {
        "type": "Transitive",
        "resolved": "2.23.0",
        "contentHash": "nWArUZTdU7iqZLycLKWe0TDms48KKGE6pONH2terYNa8REXiqixrMOkf1sk5DHGMaUTqONU2YkS4SAXBhLStgw=="
      },
      "Microsoft.CodeCoverage": {
        "type": "Transitive",
        "resolved": "18.8.1",
        "contentHash": "Eclse/ZZjr4lmWzZFNN9h/OluhKL+SK/QbUyKUewgX139aGeyMEO/DkMPwuFs2MixvanTnz6891rF8UHDg+W4Q=="
      },
      "Microsoft.Extensions.Configuration": {
        "type": "Transitive",
        "resolved": "10.0.12",
        "contentHash": "e3IPP32CRNL031VZJAUTlCTG0YN7WFh4mN3fsSHTDQCJB+3+f0jGycv4fXk3rrftaY3B85XrQaj7sRthrOsavg==",
        "dependencies": {
          "Microsoft.Extensions.Configuration.Abstractions": "10.0.12",
          "Microsoft.Extensions.Primitives": "10.0.12"
        }
      },
      "Microsoft.Extensions.Configuration.Abstractions": {
        "type": "Transitive",
        "resolved": "10.0.12",
        "contentHash": "8xaGcvS/qZ1otoxPQCEJkNva389CVL/plNcvIETZhQTETYdRkYDPEYhUMoAGONo4FU45ufdfE0j29AfWVVj0wA==",
        "dependencies": {
          "Microsoft.Extensions.Primitives": "10.0.12"
        }
      },
      "Microsoft.Extensions.Configuration.Binder": {
        "type": "Transitive",
        "resolved": "10.0.12",
        "contentHash": "dAgIf1TOr8KLs+aBRIbXUZBjHoSH4rDG8+XkX/Q6AZwkQdMA0+yPDKTHsieeXdZDfpOpZVHzOnuAb5Z2nX3KsA==",
        "dependencies": {
          "Microsoft.Extensions.Configuration": "10.0.12",
          "Microsoft.Extensions.Configuration.Abstractions": "10.0.12"
        }
      },
      "Microsoft.Extensions.Configuration.CommandLine": {
        "type": "Transitive",
        "resolved": "10.0.12",
        "contentHash": "hWWJzJpmg161rYJ2H6vxqCuFfh6zL2Tp9emOrfu1M4gsmW5BOlW8GldthyFwm2L+beW+0axmkMKRw3HyO1qceQ==",
        "dependencies": {
          "Microsoft.Extensions.Configuration": "10.0.12",
          "Microsoft.Extensions.Configuration.Abstractions": "10.0.12"
        }
      },
      "Microsoft.Extensions.Configuration.EnvironmentVariables": {
        "type": "Transitive",
        "resolved": "10.0.12",
        "contentHash": "OIFhLxKAdvSrZuecX177ZkN4AcAB6OLlbS8y0MQYL68512aMOZI8cJLb8OeuYe2X+gu5uMqbbCxhzAmSp+Q2ow==",
        "dependencies": {
          "Microsoft.Extensions.Configuration": "10.0.12",
          "Microsoft.Extensions.Configuration.Abstractions": "10.0.12"
        }
      },
      "Microsoft.Extensions.Configuration.FileExtensions": {
        "type": "Transitive",
        "resolved": "10.0.12",
        "contentHash": "PNPS7yYH9U2M0dExn0tMkQFVtE53xTlCs/dgTfsWTTFyCF6qwGT3VrTgm2nnnkSRlSmvM9/J+n9xCpyzd9xTpQ==",
        "dependencies": {
          "Microsoft.Extensions.Configuration": "10.0.12",
          "Microsoft.Extensions.Configuration.Abstractions": "10.0.12",
          "Microsoft.Extensions.FileProviders.Abstractions": "10.0.12",
          "Microsoft.Extensions.FileProviders.Physical": "10.0.12",
          "Microsoft.Extensions.Primitives": "10.0.12"
        }
      },
      "Microsoft.Extensions.Configuration.Json": {
        "type": "Transitive",
        "resolved": "10.0.12",
        "contentHash": "H4u2ZeIhjmRQvbHj7S7U4MK1kXb0khx3UtOWcir32VHczdFyIVF0lvHew/VVHmCF7Uk0QseAUaO7HyFKOCSiKA==",
        "dependencies": {
          "Microsoft.Extensions.Configuration": "10.0.12",
          "Microsoft.Extensions.Configuration.Abstractions": "10.0.12",
          "Microsoft.Extensions.Configuration.FileExtensions": "10.0.12",
          "Microsoft.Extensions.FileProviders.Abstractions": "10.0.12"
        }
      },
      "Microsoft.Extensions.Configuration.UserSecrets": {
        "type": "Transitive",
        "resolved": "10.0.12",
        "contentHash": "2OtyTIt0/tkChr3inq9Y0c34xogxXW//68gvPzIWgKwyVR4x82RSGVSZfV+ZgG13zrKBzqjaI23wpUCfKpY2yQ==",
        "dependencies": {
          "Microsoft.Extensions.Configuration.Abstractions": "10.0.12",
          "Microsoft.Extensions.Configuration.Json": "10.0.12",
          "Microsoft.Extensions.FileProviders.Abstractions": "10.0.12",
          "Microsoft.Extensions.FileProviders.Physical": "10.0.12"
        }
      },
      "Microsoft.Extensions.DependencyInjection": {
        "type": "Transitive",
        "resolved": "10.0.12",
        "contentHash": "lXyK2O5GoYvfxW8eCFcD16JFbcoSTM1sJkAM0UHS1jZyl9NYMW64Tqm6OQFT0IDBjZi+xHt95/Zg+nxZhGFhZg==",
        "dependencies": {
          "Microsoft.Extensions.DependencyInjection.Abstractions": "10.0.12"
        }
      },
      "Microsoft.Extensions.DependencyInjection.Abstractions": {
        "type": "Transitive",
        "resolved": "10.0.12",
        "contentHash": "9/qymSh7hVDMGTGwrLz8MRp5zRyXy9adGDOs4HwRdnLil3oZGYuWeZjbmHgCQ9BL1qBroVfgUK3U/nb61617Cw=="
      },
      "Microsoft.Extensions.DependencyModel": {
        "type": "Transitive",
        "resolved": "8.0.2",
        "contentHash": "mUBDZZRgZrSyFOsJ2qJJ9fXfqd/kXJwf3AiDoqLD9m6TjY5OO/vLNOb9fb4juC0487eq4hcGN/M2Rh/CKS7QYw=="
      },
      "Microsoft.Extensions.Diagnostics": {
        "type": "Transitive",
        "resolved": "10.0.12",
        "contentHash": "amx0O/R4dReqKlC3T740+CHpX8D8tAIV0f5kAPfFi4XK9jYo9BSepGt9/rWfvvCoSMaZ1+XvnqPp/Vv2fmTdAg==",
        "dependencies": {
          "Microsoft.Extensions.Configuration": "10.0.12",
          "Microsoft.Extensions.Diagnostics.Abstractions": "10.0.12",
          "Microsoft.Extensions.Options.ConfigurationExtensions": "10.0.12"
        }
      },
      "Microsoft.Extensions.Diagnostics.Abstractions": {
        "type": "Transitive",
        "resolved": "10.0.12",
        "contentHash": "fMp91qlRlMOuHfMyp7LuAnOS+MOeWTF1obJmyFcs4nZCXu6pr+QB1AbFJcl2qpBltBrqF/Y7+Rn9IuNcSuctig==",
        "dependencies": {
          "Microsoft.Extensions.DependencyInjection.Abstractions": "10.0.12",
          "Microsoft.Extensions.Options": "10.0.12"
        }
      },
      "Microsoft.Extensions.FileProviders.Abstractions": {
        "type": "Transitive",
        "resolved": "10.0.12",
        "contentHash": "iQseV6HixWzEYQH4i++84ToIroXnM5jC1TJF4EqBz3lWNG1HBTMYDLkRb6Wm3wk5V6WqSfl7NukO/LYsloGyfg==",
        "dependencies": {
          "Microsoft.Extensions.Primitives": "10.0.12"
        }
      },
      "Microsoft.Extensions.FileProviders.Physical": {
        "type": "Transitive",
        "resolved": "10.0.12",
        "contentHash": "3cY+wo2+Qe65BVwShhr2fFqZv5Ns73h3kX4mpW3WvSgfT3AWCk0hKArKW4TF7Dg3mvbJdA6RhWPW7FR+PS5/1w==",
        "dependencies": {
          "Microsoft.Extensions.FileProviders.Abstractions": "10.0.12",
          "Microsoft.Extensions.FileSystemGlobbing": "10.0.12",
          "Microsoft.Extensions.Primitives": "10.0.12"
        }
      },
      "Microsoft.Extensions.FileSystemGlobbing": {
        "type": "Transitive",
        "resolved": "10.0.12",
        "contentHash": "45cV+UeI0chPAIXrx9Wv7K4PJXuuIR2pnOur5MOAo6kOFclBHSLLDrvGAxMfWRMtUvpv/kQZkxlgaUN56jwzSQ=="
      },
      "Microsoft.Extensions.Hosting": {
        "type": "Transitive",
        "resolved": "10.0.12",
        "contentHash": "dzPj59oALFLu9TA4YUrfxqXEcbJVen/D2kOoitgM1lXBeSvPwPR8rOrrV0NKilCV3K0l4o+TLJJ3a1wmTu40Uw==",
        "dependencies": {
          "Microsoft.Extensions.Configuration": "10.0.12",
          "Microsoft.Extensions.Configuration.Abstractions": "10.0.12",
          "Microsoft.Extensions.Configuration.Binder": "10.0.12",
          "Microsoft.Extensions.Configuration.CommandLine": "10.0.12",
          "Microsoft.Extensions.Configuration.EnvironmentVariables": "10.0.12",
          "Microsoft.Extensions.Configuration.FileExtensions": "10.0.12",
          "Microsoft.Extensions.Configuration.Json": "10.0.12",
          "Microsoft.Extensions.Configuration.UserSecrets": "10.0.12",
          "Microsoft.Extensions.DependencyInjection": "10.0.12",
          "Microsoft.Extensions.DependencyInjection.Abstractions": "10.0.12",
          "Microsoft.Extensions.Diagnostics": "10.0.12",
          "Microsoft.Extensions.FileProviders.Abstractions": "10.0.12",
          "Microsoft.Extensions.FileProviders.Physical": "10.0.12",
          "Microsoft.Extensions.Hosting.Abstractions": "10.0.12",
          "Microsoft.Extensions.Logging": "10.0.12",
          "Microsoft.Extensions.Logging.Abstractions": "10.0.12",
          "Microsoft.Extensions.Logging.Configuration": "10.0.12",
          "Microsoft.Extensions.Logging.Console": "10.0.12",
          "Microsoft.Extensions.Logging.Debug": "10.0.12",
          "Microsoft.Extensions.Logging.EventLog": "10.0.12",
          "Microsoft.Extensions.Logging.EventSource": "10.0.12",
          "Microsoft.Extensions.Options": "10.0.12"
        }
      },
      "Microsoft.Extensions.Hosting.Abstractions": {
        "type": "Transitive",
        "resolved": "10.0.12",
        "contentHash": "ZlIxIJtWmrph0Ikj0svSaTkZ+d+ZYpTAhazpf1b3aoFRmlNnNWwkcvqnqT9yKHjKvfBRthvUrkq11OxfItOhpg==",
        "dependencies": {
          "Microsoft.Extensions.Configuration.Abstractions": "10.0.12",
          "Microsoft.Extensions.DependencyInjection.Abstractions": "10.0.12",
          "Microsoft.Extensions.Diagnostics.Abstractions": "10.0.12",
          "Microsoft.Extensions.FileProviders.Abstractions": "10.0.12",
          "Microsoft.Extensions.Logging.Abstractions": "10.0.12"
        }
      },
      "Microsoft.Extensions.Logging": {
        "type": "Transitive",
        "resolved": "10.0.12",
        "contentHash": "6I46fTPfgYkrjRYfRXbho9WOvOelTnNjWuZws/hzGHDASH1LEJeA4VKK9k3wJvido8o7jJSB5WkMTonX7HM1bA==",
        "dependencies": {
          "Microsoft.Extensions.DependencyInjection": "10.0.12",
          "Microsoft.Extensions.Logging.Abstractions": "10.0.12",
          "Microsoft.Extensions.Options": "10.0.12"
        }
      },
      "Microsoft.Extensions.Logging.Abstractions": {
        "type": "Transitive",
        "resolved": "10.0.12",
        "contentHash": "+24lC4plfbEDNfLAdTV/SWKS7dW+16X4HdydO3R++134kSNTzcbYA4KpR1Hdh6uWisB8Za3AzwyOn+K+NxWIug==",
        "dependencies": {
          "Microsoft.Extensions.DependencyInjection.Abstractions": "10.0.12"
        }
      },
      "Microsoft.Extensions.Logging.Configuration": {
        "type": "Transitive",
        "resolved": "10.0.12",
        "contentHash": "CLHWfKQZWFE6fSzRXfjd4UlGveckkfPtwx/p5yF/o3hEkMSzGsl7MSxNAkI19hjw0rprBqrQC09Dwy6Lh6kweA==",
        "dependencies": {
          "Microsoft.Extensions.Configuration": "10.0.12",
          "Microsoft.Extensions.Configuration.Abstractions": "10.0.12",
          "Microsoft.Extensions.Configuration.Binder": "10.0.12",
          "Microsoft.Extensions.DependencyInjection.Abstractions": "10.0.12",
          "Microsoft.Extensions.Logging": "10.0.12",
          "Microsoft.Extensions.Logging.Abstractions": "10.0.12",
          "Microsoft.Extensions.Options": "10.0.12",
          "Microsoft.Extensions.Options.ConfigurationExtensions": "10.0.12"
        }
      },
      "Microsoft.Extensions.Logging.Console": {
        "type": "Transitive",
        "resolved": "10.0.12",
        "contentHash": "nHvaR8gO0CdEfG324KdUsP3Hqgdf1licZb+UlNh5pFYw7+o8QYTmiMgFmwayE/LPSpaqND/Qn3xHa1cI9b8x0w==",
        "dependencies": {
          "Microsoft.Extensions.DependencyInjection.Abstractions": "10.0.12",
          "Microsoft.Extensions.Logging": "10.0.12",
          "Microsoft.Extensions.Logging.Abstractions": "10.0.12",
          "Microsoft.Extensions.Logging.Configuration": "10.0.12",
          "Microsoft.Extensions.Options": "10.0.12"
        }
      },
      "Microsoft.Extensions.Logging.Debug": {
        "type": "Transitive",
        "resolved": "10.0.12",
        "contentHash": "dEvvABq9Qgfu/SgTncXDjCshcJmgO97bLOnMAuqBDSonlk4+VXlKJMHPak+S78TlOxJ47+gY7vPgVukJsr69gg==",
        "dependencies": {
          "Microsoft.Extensions.DependencyInjection.Abstractions": "10.0.12",
          "Microsoft.Extensions.Logging": "10.0.12",
          "Microsoft.Extensions.Logging.Abstractions": "10.0.12"
        }
      },
      "Microsoft.Extensions.Logging.EventLog": {
        "type": "Transitive",
        "resolved": "10.0.12",
        "contentHash": "Qn0FWPMiQzM4GQEEXxrJbh3vp3I9wrAgpMcsVH36+6FTRGXaqtwHDgf/2030FUJ4OuNSpOeIRh+9kCZGDDsfGg==",
        "dependencies": {
          "Microsoft.Extensions.DependencyInjection.Abstractions": "10.0.12",
          "Microsoft.Extensions.Logging": "10.0.12",
          "Microsoft.Extensions.Logging.Abstractions": "10.0.12",
          "Microsoft.Extensions.Options": "10.0.12",
          "System.Diagnostics.EventLog": "10.0.12"
        }
      },
      "Microsoft.Extensions.Logging.EventSource": {
        "type": "Transitive",
        "resolved": "10.0.12",
        "contentHash": "nKpYoiUdBu8fdLwDxj/fjjGn//7/VwRLzujtMq99/pExrswMXOz+80hbB98QxrD8qPt9oWlFpEVrN9OBKOP7RQ==",
        "dependencies": {
          "Microsoft.Extensions.DependencyInjection.Abstractions": "10.0.12",
          "Microsoft.Extensions.Logging": "10.0.12",
          "Microsoft.Extensions.Logging.Abstractions": "10.0.12",
          "Microsoft.Extensions.Options": "10.0.12",
          "Microsoft.Extensions.Primitives": "10.0.12"
        }
      },
      "Microsoft.Extensions.Options": {
        "type": "Transitive",
        "resolved": "10.0.12",
        "contentHash": "TDYD33TSRpXKZWlmTXNlj5kCihxatmv2Ec1u6C+bMYLphCS7PoSLE9Pjd/nunDoE7yETk+LLKjVJX78HYtWjpA==",
        "dependencies": {
          "Microsoft.Extensions.DependencyInjection.Abstractions": "10.0.12",
          "Microsoft.Extensions.Primitives": "10.0.12"
        }
      },
      "Microsoft.Extensions.Options.ConfigurationExtensions": {
        "type": "Transitive",
        "resolved": "10.0.12",
        "contentHash": "rqpu4qj5WE9x1IHGXSIgHBKi7IUlQaHyp4aXCYIanG2OghlUMFZpZTgExaXwcvmLAJHsxKQWMPpc7D2WIbCVtA==",
        "dependencies": {
          "Microsoft.Extensions.Configuration.Abstractions": "10.0.12",
          "Microsoft.Extensions.Configuration.Binder": "10.0.12",
          "Microsoft.Extensions.DependencyInjection.Abstractions": "10.0.12",
          "Microsoft.Extensions.Options": "10.0.12",
          "Microsoft.Extensions.Primitives": "10.0.12"
        }
      },
      "Microsoft.Extensions.Primitives": {
        "type": "Transitive",
        "resolved": "10.0.12",
        "contentHash": "dYfCLR52UA+3DL7C4I/pvSaRPkNqxrUAQmbFL2u0zvYKKzqgrFCJl08Df+F1aYc8leu9JvpC9bsURUdpExcBXQ=="
      },
      "Microsoft.Testing.Extensions.Telemetry": {
        "type": "Transitive",
        "resolved": "2.1.0",
        "contentHash": "5TwgTx2u7k9Al/xbZ18QXq4Hdy2xewkVTI6K3sk+jY2ykqUkIKNuj7rFu3GOV5KnEUkevhw6eZcyZs77STHJIA==",
        "dependencies": {
          "Microsoft.ApplicationInsights": "2.23.0",
          "Microsoft.Testing.Platform": "2.1.0"
        }
      },
      "Microsoft.Testing.Extensions.TrxReport.Abstractions": {
        "type": "Transitive",
        "resolved": "2.1.0",
        "contentHash": "D8xmIJYQFJ6D49Rx5/vPrkZZxb338Jkew+eSqZLBfBiWKw4QZKy3i1BOXiLfz0lOmaNErwDz/YWRojCdNl+B9Q==",
        "dependencies": {
          "Microsoft.Testing.Platform": "2.1.0"
        }
      },
      "Microsoft.Testing.Extensions.VSTestBridge": {
        "type": "Transitive",
        "resolved": "2.1.0",
        "contentHash": "bNRIEA2YoGr+Y+7LHdA7i1U80+7BAdf4K4Qh4Kx6eKkoBK/NV7QpoMg+GWPP0/eqAFzuUmUOIPVZ87Oo0Vyxmw==",
        "dependencies": {
          "Microsoft.TestPlatform.ObjectModel": "18.0.1",
          "Microsoft.Testing.Extensions.Telemetry": "2.1.0",
          "Microsoft.Testing.Extensions.TrxReport.Abstractions": "2.1.0",
          "Microsoft.Testing.Platform": "2.1.0"
        }
      },
      "Microsoft.Testing.Platform": {
        "type": "Transitive",
        "resolved": "2.1.0",
        "contentHash": "aHkjNTGIA+Zbdw6RJgSFrbDrCjO0CgqpElqYcvkRSeUhBv2bKarnvU3ep786U7UqrPlArT/B7VmImRibJD0Zrg=="
      },
      "Microsoft.Testing.Platform.MSBuild": {
        "type": "Transitive",
        "resolved": "2.1.0",
        "contentHash": "UpfPebXQtHGrWz21+YLHmJSm+5zsuPE9U9pfdCtoB+67g75fDmWlNgpkH2ZmdVhSwkjNIed9Icg8Iu63z2ei5Q==",
        "dependencies": {
          "Microsoft.Testing.Platform": "2.1.0"
        }
      },
      "Microsoft.TestPlatform.ObjectModel": {
        "type": "Transitive",
        "resolved": "18.8.1",
        "contentHash": "qLbktNB1+b1XZLNJBTzaWVVJAd6PEzD7cgD406geMb6PcFZhp3EDNa1tctWx1+mtMU6MP/6ozVvFPC9vs2a9rw=="
      },
      "Microsoft.TestPlatform.TestHost": {
        "type": "Transitive",
        "resolved": "18.8.1",
        "contentHash": "FaQHPDTUOcE+SFTjssNPfrub2lT9Zyon4J2W/KLHt/efLJACb1TCeWXyOgh0D/4Q1e4n+S3E6mOKud+9nLZlEA==",
        "dependencies": {
          "Microsoft.TestPlatform.ObjectModel": "18.8.1"
        }
      },
      "Microsoft.Web.WebView2": {
        "type": "Transitive",
        "resolved": "1.0.4078.44",
        "contentHash": "TQkHa/aOHUqFHnJIJ/2ZmJ4nLcQJi0Pc0rj9BAs7SP5sT/KtVtb8jFp9uqQL6cKzCRSrwjS/wEPA43NWUOzU+A=="
      },
      "Microsoft.Win32.SystemEvents": {
        "type": "Transitive",
        "resolved": "10.0.0",
        "contentHash": "bYdnhuD0XxcVTrxc8RyBjXo+AXYWJPnda3clhGz2Kakleyun1PyrzYV8RezT7ZYmR9OBSOgvpFQcvHo/K8Y90w=="
      },
      "Microsoft.Windows.AI.MachineLearning": {
        "type": "Transitive",
        "resolved": "2.1.74",
        "contentHash": "/Z1yAQ0J53eD1RrOl5anTDS0UQOgneERY//hLljwGcWeUX9ynCvOl5qUxAsfWvwsZZGcvV4WKjAvnAtA6N5i+w==",
        "dependencies": {
          "System.Numerics.Tensors": "9.0.0"
        }
      },
      "Microsoft.Windows.SDK.BuildTools": {
        "type": "Transitive",
        "resolved": "10.0.26100.4654",
        "contentHash": "2mgcOlj/t2RfSyyw+pVESfO+Tk1RkfQzto9Vrq42M1lUQIfQEwbi8QLha9GXWIOj+TFzeHIEJckIoF25mgiM8A=="
      },
      "Microsoft.Windows.SDK.BuildTools.MSIX": {
        "type": "Transitive",
        "resolved": "1.7.251221100",
        "contentHash": "f4aIZJ0NUth2403oxrpR+9rxVzZVI6dabqB21u8ncnk8eJAKCs9m77E4iYAnvP1YwrRe4axz3f8+yUcttNSfEA=="
      },
      "Microsoft.WindowsAppSDK": {
        "type": "Transitive",
        "resolved": "2.5.1",
        "contentHash": "WgKPzT1H2s17azODD1jNZje69z1hGz8VSh3bIylTtXHVg7hLyrn8Y+rswFqF41UX8ea7ELeoyqN80zZ6EHwCFA==",
        "dependencies": {
          "Microsoft.WindowsAppSDK.AI": "2.5.5",
          "Microsoft.WindowsAppSDK.Base": "2.0.4",
          "Microsoft.WindowsAppSDK.DWrite": "2.1.0",
          "Microsoft.WindowsAppSDK.Foundation": "2.3.12",
          "Microsoft.WindowsAppSDK.InteractiveExperiences": "2.1.9",
          "Microsoft.WindowsAppSDK.ML": "2.1.94",
          "Microsoft.WindowsAppSDK.Runtime": "[2.5.1]",
          "Microsoft.WindowsAppSDK.Search": "2.5.5",
          "Microsoft.WindowsAppSDK.Widgets": "2.0.5",
          "Microsoft.WindowsAppSDK.WinUI": "2.3.9"
        }
      },
      "Microsoft.WindowsAppSDK.AI": {
        "type": "Transitive",
        "resolved": "2.5.5",
        "contentHash": "f6XA05BsTAmDDsWGiFQdcAujNlbET5QbqxhBo7iHPJJix+RJajXKv1XlO19M78GtEpi2AYGEv08dPxER8ESYAw==",
        "dependencies": {
          "Microsoft.WindowsAppSDK.Base": "2.0.4",
          "Microsoft.WindowsAppSDK.Foundation": "2.3.12"
        }
      },
      "Microsoft.WindowsAppSDK.Base": {
        "type": "Transitive",
        "resolved": "2.0.4",
        "contentHash": "QXSy2llX2/Bx9dYWGUEsb10F40q94ZiDnPMzqa2/qRmTG4y9EXxGp6uHITb7c0b4FCa+6KFBlgh6D53M0QEMEg==",
        "dependencies": {
          "Microsoft.Windows.SDK.BuildTools": "10.0.26100.4654",
          "Microsoft.Windows.SDK.BuildTools.MSIX": "1.7.251221100"
        }
      },
      "Microsoft.WindowsAppSDK.DWrite": {
        "type": "Transitive",
        "resolved": "2.1.0",
        "contentHash": "dgix7NSeo7Z8SZPyrsOqYm/6OUvBveHCiVyorYecmtDYoZW26dJ6/i9yveIxgWvmFpgfKXPeIuQBCvhbetHiYg==",
        "dependencies": {
          "Microsoft.WindowsAppSDK.Base": "2.0.3"
        }
      },
      "Microsoft.WindowsAppSDK.Foundation": {
        "type": "Transitive",
        "resolved": "2.3.12",
        "contentHash": "UflrNbXoZmHPt8lLGDk4gQ+yoGfQlCHd3TVTy7YwCMZ/aVGWAiLDqGCEjtWmNsI8ySy6imx3ZlenKfd2/VMPEg==",
        "dependencies": {
          "Microsoft.WindowsAppSDK.Base": "2.0.4",
          "Microsoft.WindowsAppSDK.InteractiveExperiences": "2.1.8"
        }
      },
      "Microsoft.WindowsAppSDK.InteractiveExperiences": {
        "type": "Transitive",
        "resolved": "2.1.9",
        "contentHash": "59nvb3pQYsBTTGrobeHkB4bkxASHtpaORJl7r6Zvg8PSIDCupEZTPKrIhnUknHDGfAtuBsnORjgvRi2WXGaRhA==",
        "dependencies": {
          "Microsoft.WindowsAppSDK.Base": "2.0.4"
        }
      },
      "Microsoft.WindowsAppSDK.ML": {
        "type": "Transitive",
        "resolved": "2.1.94",
        "contentHash": "b21CWVubc3WqWNJ9+fy7n+s83LgwBpIzYrOuSUmHAqPB0pH+ttjgiknnDA/oF7wCbjiaUb4KDXVV7Mya3f18Ug==",
        "dependencies": {
          "Microsoft.Windows.AI.MachineLearning": "[2.1.74, 3.0.0)",
          "Microsoft.WindowsAppSDK.Base": "2.0.4",
          "Microsoft.WindowsAppSDK.Foundation": "2.3.12"
        }
      },
      "Microsoft.WindowsAppSDK.Runtime": {
        "type": "Transitive",
        "resolved": "2.5.1",
        "contentHash": "EDzGf6Tq9njNfNsTfqKdiwmSzFF/caHItuDa99UTQiOvLXwOjCL1k75/PMLSoHbCo1cSlHh/sSqZVssJ/Z0NzA==",
        "dependencies": {
          "Microsoft.WindowsAppSDK.Base": "2.0.4"
        }
      },
      "Microsoft.WindowsAppSDK.Search": {
        "type": "Transitive",
        "resolved": "2.5.5",
        "contentHash": "uvYkXi9TB4rk/kgWn5XHEkMNMU+xhjY+S0QWsxEs8wYT/dXAjfHvW30+JVoW/THZ/9jIMinEn4gliCSVRFV0Sw==",
        "dependencies": {
          "Microsoft.WindowsAppSDK.AI": "[2.5.5]",
          "Microsoft.WindowsAppSDK.Base": "2.0.4",
          "Microsoft.WindowsAppSDK.Foundation": "2.3.12"
        }
      },
      "Microsoft.WindowsAppSDK.Widgets": {
        "type": "Transitive",
        "resolved": "2.0.5",
        "contentHash": "lRz+8+QU65gV8hRzLVE+GRsPKZ42lnzqkmsw96HzQd/DuFYfr4JYpUU7ZZ5YrkV2EfQe4BCmoRKAeZ3WwalMcg==",
        "dependencies": {
          "Microsoft.WindowsAppSDK.Base": "2.0.3"
        }
      },
      "Microsoft.WindowsAppSDK.WinUI": {
        "type": "Transitive",
        "resolved": "2.3.9",
        "contentHash": "GiuYUQqMYD5lycT+X2AGX1rlbHU/zf8xoPeZNXZbJj4mZcSr4STsxeRUMxnTUQLAmmjjQaPrTIRjn78vbPhAvg==",
        "dependencies": {
          "Microsoft.Web.WebView2": "1.0.3719.77",
          "Microsoft.WindowsAppSDK.Base": "2.0.4",
          "Microsoft.WindowsAppSDK.Foundation": "2.3.12",
          "Microsoft.WindowsAppSDK.InteractiveExperiences": "2.1.8"
        }
      },
      "Microsoft.Xaml.Behaviors.WinUI.Managed": {
        "type": "Transitive",
        "resolved": "3.0.1",
        "contentHash": "2YetkQhWIKCTwex5kH+VaZO+jcUUxGT6ofrQqYsWAPl6nCSZsIU2yXDSzUiXegfTLson1i4SqPLoBfDeVLNCMQ==",
        "dependencies": {
          "Microsoft.WindowsAppSDK.WinUI": "1.8.250906003"
        }
      },
      "Quartz": {
        "type": "Transitive",
        "resolved": "3.15.1",
        "contentHash": "XIbhzUAKSm3xdl1ORLPnK7mc5XANP3cuvYQhCtuX/8888IN41e9OXJak4R9OlmAGRnyAMqHE40yojVa89NS1wg==",
        "dependencies": {
          "Microsoft.Extensions.Logging.Abstractions": "2.1.1"
        }
      },
      "Serilog": {
        "type": "Transitive",
        "resolved": "4.3.0",
        "contentHash": "+cDryFR0GRhsGOnZSKwaDzRRl4MupvJ42FhCE4zhQRVanX0Jpg6WuCBk59OVhVDPmab1bB+nRykAnykYELA9qQ=="
      },
      "Serilog.Extensions.Logging": {
        "type": "Transitive",
        "resolved": "10.0.0",
        "contentHash": "vx0kABKl2dWbBhhqAfTOk53/i8aV/5VaT3a6il9gn72Wqs2pM7EK2OB6No6xdqK2IaY6Zf9gdjLuK9BVa2rT+Q==",
        "dependencies": {
          "Microsoft.Extensions.Logging": "10.0.0",
          "Serilog": "4.2.0"
        }
      },
      "Serilog.Settings.AppSettings": {
        "type": "Transitive",
        "resolved": "3.0.0",
        "contentHash": "EWn+uHDDacNfl3qTdU68BrvN4oSJI6oAO08WP5o5vmfyl5VaAGrqiZXsZZUjEoUc7KjUXRnIiLNiDkLTXOKRZA==",
        "dependencies": {
          "Serilog": "4.0.0",
          "System.Configuration.ConfigurationManager": "4.4.1"
        }
      },
      "Serilog.Sinks.Debug": {
        "type": "Transitive",
        "resolved": "3.0.0",
        "contentHash": "4BzXcdrgRX7wde9PmHuYd9U6YqycCC28hhpKonK7hx0wb19eiuRj16fPcPSVp0o/Y1ipJuNLYQ00R3q2Zs8FDA==",
        "dependencies": {
          "Serilog": "4.0.0"
        }
      },
      "Serilog.Sinks.File": {
        "type": "Transitive",
        "resolved": "7.0.0",
        "contentHash": "fKL7mXv7qaiNBUC71ssvn/dU0k9t0o45+qm2XgKAlSt19xF+ijjxyA3R6HmCgfKEKwfcfkwWjayuQtRueZFkYw==",
        "dependencies": {
          "Serilog": "4.2.0"
        }
      },
      "ServiceWire": {
        "type": "Transitive",
        "resolved": "5.6.0",
        "contentHash": "Gv8yXwbmQnq64DdtvvFTPrDA+zqbx3CheefOXiWDmZMNQ9U1xlZ3+ythzzvmDQxZG/kAha0j/1M+xjlabOchfQ=="
      },
      "Stub.System.Data.SQLite.Core.NetStandard": {
        "type": "Transitive",
        "resolved": "1.0.119",
        "contentHash": "dI7ngiCNgdm+n00nQvFTa+LbHvE9MIQXwMSLRzJI/KAJ7G1WmCachsvfE1CD6xvb3OXJvYYEfv3+S/LHyhN0Rg=="
      },
      "System.CodeDom": {
        "type": "Transitive",
        "resolved": "10.0.10",
        "contentHash": "lru5igKxs4OgWKfMeOpMAYpfB1tNSSXHk2zyiSDO/h0u8RVAhN6KqW9d3ANybDB+ePIHg6HM/NlE8HlpOk4k5A=="
      },
      "System.Configuration.ConfigurationManager": {
        "type": "Transitive",
        "resolved": "10.0.10",
        "contentHash": "64jtHt9yLYi6VHMF5AwDj6BGM/MZrygv55SXl0MOIkFsFjGwRuxV3/QgEm7NTp3TQIx+YNX4S6dNpY08fJ3+3g==",
        "dependencies": {
          "System.Diagnostics.EventLog": "10.0.10",
          "System.Security.Cryptography.ProtectedData": "10.0.10"
        }
      },
      "System.Data.SQLite.Core": {
        "type": "Transitive",
        "resolved": "1.0.119",
        "contentHash": "bhQB8HVtRA+OOYw8UTD1F1kU+nGJ0/OZvH1JmlVUI4bGvgVEWeX1NcHjA765NvUoRVuCPlt8PrEpZ1thSsk1jg==",
        "dependencies": {
          "Stub.System.Data.SQLite.Core.NetStandard": "[1.0.119]"
        }
      },
      "System.Diagnostics.EventLog": {
        "type": "Transitive",
        "resolved": "10.0.12",
        "contentHash": "sOZM+VyRj1pg/ItlHsvrSbjws6oGqZveTzTNBGZ9ziwRDyKsOF3ub6vhvOdxotCIqtlnyHAIwP5sLNvgiZC+pQ=="
      },
      "System.Drawing.Common": {
        "type": "Transitive",
        "resolved": "10.0.0",
        "contentHash": "kohT9ZZlkB5R5ifihCBnPJLdIUQGiTj1ZI6z4LKatr+F4MmIJJu7qQpBkqt9280ivtnSvlTx9qZEY+CpJ0zMkA==",
        "dependencies": {
          "Microsoft.Win32.SystemEvents": "10.0.0"
        }
      },
      "System.Management": {
        "type": "Transitive",
        "resolved": "10.0.10",
        "contentHash": "U13ksdXfQlF2WDdu3S4ZPVpikFs2HgV3dbJJZLeZpBIQ4z/xCmQnwEf6LsEEIC2zSamVVa1acA9RdVhZwnWKeA==",
        "dependencies": {
          "System.CodeDom": "10.0.10"
        }
      },
      "System.Numerics.Tensors": {
        "type": "Transitive",
        "resolved": "9.0.0",
        "contentHash": "hyJB4UlpAi19Xr9AXzu2NuagKC4lPfHObNMEAA0HmqFz2rX7wKgzeYzO/jM/eBHDhnUGFFEjk5cOoJaxqg5J4A=="
      },
      "System.Security.Cryptography.ProtectedData": {
        "type": "Transitive",
        "resolved": "10.0.10",
        "contentHash": "BKt0SQgq2lq3ESE68jkeLwv95ypANrPDtkTOIFGcnhg2aRUeUUBDrQlkVDZctrg1WenVcvn5P5XZnuYI7q6rFQ=="
      },
      "WinUIEx": {
        "type": "Transitive",
        "resolved": "2.9.3",
        "contentHash": "IZDzY13RDMMGB4cUqVDMfrNsGotWYypfGFEgtYWDI3SRDNg5r+AQepKso6fsZ55Df4EB+kbnmBuV25LhkROCew==",
        "dependencies": {
          "Microsoft.WindowsAppSDK.WinUI": "1.8.250906003"
        }
      },
      "bsh.controls": {
        "type": "Project",
        "dependencies": {
          "BSH.Engine": "[3.9.0.3, )"
        }
      },
      "bsh.engine": {
        "type": "Project",
        "dependencies": {
          "BSH.Service.Shared": "[3.9.0.3, )",
          "FluentFTP": "[53.0.2, )",
          "FluentFTP.Logging": "[1.0.0, )",
          "Microsoft.Extensions.Logging.Abstractions": "[10.0.10, )",
          "Quartz": "[3.15.1, )",
          "Serilog": "[4.3.0, )",
          "Serilog.Extensions.Logging": "[10.0.0, )",
          "ServiceWire": "[5.6.0, )",
          "System.Configuration.ConfigurationManager": "[10.0.10, )",
          "System.Data.SQLite.Core": "[1.0.119, )",
          "System.Management": "[10.0.10, )",
          "System.Security.Cryptography.ProtectedData": "[10.0.10, )"
        }
      },
      "bsh.main": {
        "type": "Project",
        "dependencies": {
          "Autoupdater.NET.Official": "[1.9.2, )",
          "BSH.Controls": "[3.9.0.3, )",
          "BSH.Engine": "[3.9.0.3, )",
          "CommandLineParser": "[2.9.1, )",
          "Humanizer.Core.de": "[3.0.10, )",
          "Serilog.Settings.AppSettings": "[3.0.0, )",
          "Serilog.Sinks.Debug": "[3.0.0, )",
          "Serilog.Sinks.File": "[7.0.0, )"
        }
      },
      "bsh.mainapp": {
        "type": "Project",
        "dependencies": {
          "Autoupdater.NET.Official": "[1.9.3, )",
          "BSH.Engine": "[3.9.0.3, )",
          "CommunityToolkit.Mvvm": "[8.4.2, )",
          "CommunityToolkit.WinUI.Controls.SettingsControls": "[8.2.251219, )",
          "CommunityToolkit.WinUI.Extensions": "[8.2.251219, )",
          "H.NotifyIcon.WinUI": "[2.4.1, )",
          "Humanizer.Core": "[3.0.10, )",
          "Microsoft.Extensions.Hosting": "[10.0.12, )",
          "Microsoft.WindowsAppSDK": "[2.5.1, )",
          "Microsoft.Xaml.Behaviors.WinUI.Managed": "[3.0.1, )",
          "Serilog.Sinks.File": "[7.0.0, )",
          "WinUIEx": "[2.9.3, )"
        }
      },
      "bsh.service.shared": {
        "type": "Project"
      }
    },
    "net10.0-windows10.0.26100/win-x64": {
      "Microsoft.Web.WebView2": {
        "type": "Transitive",
        "resolved": "1.0.4078.44",
        "contentHash": "TQkHa/aOHUqFHnJIJ/2ZmJ4nLcQJi0Pc0rj9BAs7SP5sT/KtVtb8jFp9uqQL6cKzCRSrwjS/wEPA43NWUOzU+A=="
      },
      "Microsoft.Win32.SystemEvents": {
        "type": "Transitive",
        "resolved": "10.0.0",
        "contentHash": "bYdnhuD0XxcVTrxc8RyBjXo+AXYWJPnda3clhGz2Kakleyun1PyrzYV8RezT7ZYmR9OBSOgvpFQcvHo/K8Y90w=="
      },
      "Microsoft.Windows.AI.MachineLearning": {
        "type": "Transitive",
        "resolved": "2.1.74",
        "contentHash": "/Z1yAQ0J53eD1RrOl5anTDS0UQOgneERY//hLljwGcWeUX9ynCvOl5qUxAsfWvwsZZGcvV4WKjAvnAtA6N5i+w==",
        "dependencies": {
          "System.Numerics.Tensors": "9.0.0"
        }
      },
      "Microsoft.WindowsAppSDK.Foundation": {
        "type": "Transitive",
        "resolved": "2.3.12",
        "contentHash": "UflrNbXoZmHPt8lLGDk4gQ+yoGfQlCHd3TVTy7YwCMZ/aVGWAiLDqGCEjtWmNsI8ySy6imx3ZlenKfd2/VMPEg==",
        "dependencies": {
          "Microsoft.WindowsAppSDK.Base": "2.0.4",
          "Microsoft.WindowsAppSDK.InteractiveExperiences": "2.1.8"
        }
      },
      "Stub.System.Data.SQLite.Core.NetStandard": {
        "type": "Transitive",
        "resolved": "1.0.119",
        "contentHash": "dI7ngiCNgdm+n00nQvFTa+LbHvE9MIQXwMSLRzJI/KAJ7G1WmCachsvfE1CD6xvb3OXJvYYEfv3+S/LHyhN0Rg=="
      },
      "System.Diagnostics.EventLog": {
        "type": "Transitive",
        "resolved": "10.0.12",
        "contentHash": "sOZM+VyRj1pg/ItlHsvrSbjws6oGqZveTzTNBGZ9ziwRDyKsOF3ub6vhvOdxotCIqtlnyHAIwP5sLNvgiZC+pQ=="
      },
      "System.Management": {
        "type": "Transitive",
        "resolved": "10.0.10",
        "contentHash": "U13ksdXfQlF2WDdu3S4ZPVpikFs2HgV3dbJJZLeZpBIQ4z/xCmQnwEf6LsEEIC2zSamVVa1acA9RdVhZwnWKeA==",
        "dependencies": {
          "System.CodeDom": "10.0.10"
        }
      }
    }
  }
}