
Microsoft Visual Studio Solution File, Format Version 12.00
# Visual Studio Version 17
VisualStudioVersion = 17.0.31903.59
MinimumVisualStudioVersion = 10.0.40219.1
Project("{2150E333-8FDC-42A3-9474-1A3956D46DE8}") = "Main", "Main", "{D4F01DCB-9B2C-4E00-85C7-1755F985CDCD}"
EndProject
Project("{2150E333-8FDC-42A3-9474-1A3956D46DE8}") = "Engine", "Engine", "{8E4AB8AE-908C-4E21-AA6D-D5B49234006B}"
EndProject
Project("{2150E333-8FDC-42A3-9474-1A3956D46DE8}") = "Components", "Components", "{D7E1C9F1-2011-42B2-8B3A-0C346F789264}"
EndProject
Project("{2150E333-8FDC-42A3-9474-1A3956D46DE8}") = "Service", "Service", "{D804FB21-9B85-401A-B69F-82BA11AE48CD}"
EndProject
Project("{9A19103F-16F7-4668-BE54-9A1E7A4F7556}") = "BSH.Engine", "BSH.Engine\BSH.Engine.csproj", "{73A80AFA-C186-477A-A564-6936605AB6F0}"
EndProject
Project("{2150E333-8FDC-42A3-9474-1A3956D46DE8}") = "SmartPreview", "SmartPreview", "{8C72A40F-1129-4C2E-8491-73E2CE1D78F5}"
EndProject
Project("{9A19103F-16F7-4668-BE54-9A1E7A4F7556}") = "SmartPreview", "SmartPreview\SmartPreview.csproj", "{B90F3977-C9D6-0781-2D78-FD59BA4EF19B}"
EndProject
Project("{9A19103F-16F7-4668-BE54-9A1E7A4F7556}") = "PreviewHandlerHost", "PreviewHandlerHost\PreviewHandlerHost.csproj", "{27BA3CD9-30B2-41DC-AF7E-161BB29E95EC}"
EndProject
Project("{9A19103F-16F7-4668-BE54-9A1E7A4F7556}") = "PreviewHandlerFramework", "PreviewHandlerFramework\PreviewHandlerFramework.csproj", "{F27001C1-FE96-4268-BDD8-EC96AB50D2D6}"
EndProject
Project("{2150E333-8FDC-42A3-9474-1A3956D46DE8}") = "UWP", "UWP", "{07857D74-52BB-4A79-9AA8-437E58898F5F}"
EndProject
Project("{C7167F0D-BC9F-4E6E-AFE1-012C56B48DB5}") = "Backup Service Home", "BackupServiceHome-UWP\Backup Service Home.wapproj", "{C37E61A7-0EF6-4488-B467-9F4497F78A01}"
EndProject
Project("{9A19103F-16F7-4668-BE54-9A1E7A4F7556}") = "BSH.Test", "BSH.Test\BSH.Test.csproj", "{D2A9ACC7-40D5-4ABE-9ADD-DBB2E0451F96}"
EndProject
Project("{9A19103F-16F7-4668-BE54-9A1E7A4F7556}") = "BSH.Controls", "BSH.Controls\BSH.Controls.csproj", "{81B22B32-2F91-4EF3-BEBC-2CBAFEF5F67D}"
EndProject
Project("{9A19103F-16F7-4668-BE54-9A1E7A4F7556}") = "BSH.Service", "BSH.Service\BSH.Service.csproj", "{9C24C341-C995-4757-9192-C7C71FC76A6D}"
EndProject
Project("{9A19103F-16F7-4668-BE54-9A1E7A4F7556}") = "BSH.Service.Shared", "BSH.Service.Shared\BSH.Service.Shared.csproj", "{35CC37D6-FF24-4728-8D51-A3050C29F9DF}"
EndProject
Project("{9A19103F-16F7-4668-BE54-9A1E7A4F7556}") = "BSH.Main", "BSH.Main\BSH.Main.csproj", "{19F6C3CC-BF8E-43A5-A3EF-811DD6EF80F0}"
EndProject
Project("{2150E333-8FDC-42A3-9474-1A3956D46DE8}") = "Projektmappenelemente", "Projektmappenelemente", "{3E5D8CC0-CFC9-4423-B510-147127657549}"
	ProjectSection(SolutionItems) = preProject
		.editorconfig = .editorconfig
	EndProjectSection
EndProject
Global
	GlobalSection(SolutionConfigurationPlatforms) = preSolution
		Debug|x64 = Debug|x64
		Release|x64 = Release|x64
		Windows 10|x64 = Windows 10|x64
	EndGlobalSection
	GlobalSection(ProjectConfigurationPlatforms) = postSolution
		{73A80AFA-C186-477A-A564-6936605AB6F0}.Debug|x64.ActiveCfg = Debug|Any CPU
		{73A80AFA-C186-477A-A564-6936605AB6F0}.Debug|x64.Build.0 = Debug|Any CPU
		{73A80AFA-C186-477A-A564-6936605AB6F0}.Release|x64.ActiveCfg = Release|Any CPU
		{73A80AFA-C186-477A-A564-6936605AB6F0}.Release|x64.Build.0 = Release|Any CPU
		{73A80AFA-C186-477A-A564-6936605AB6F0}.Windows 10|x64.ActiveCfg = Windows 10|x64
		{73A80AFA-C186-477A-A564-6936605AB6F0}.Windows 10|x64.Build.0 = Windows 10|x64
		{B90F3977-C9D6-0781-2D78-FD59BA4EF19B}.Debug|x64.ActiveCfg = Debug|Any CPU
		{B90F3977-C9D6-0781-2D78-FD59BA4EF19B}.Debug|x64.Build.0 = Debug|Any CPU
		{B90F3977-C9D6-0781-2D78-FD59BA4EF19B}.Release|x64.ActiveCfg = Release|Any CPU
		{B90F3977-C9D6-0781-2D78-FD59BA4EF19B}.Release|x64.Build.0 = Release|Any CPU
		{B90F3977-C9D6-0781-2D78-FD59BA4EF19B}.Windows 10|x64.ActiveCfg = Windows 10|Any CPU
		{B90F3977-C9D6-0781-2D78-FD59BA4EF19B}.Windows 10|x64.Build.0 = Windows 10|Any CPU
		{27BA3CD9-30B2-41DC-AF7E-161BB29E95EC}.Debug|x64.ActiveCfg = Debug|Any CPU
		{27BA3CD9-30B2-41DC-AF7E-161BB29E95EC}.Debug|x64.Build.0 = Debug|Any CPU
		{27BA3CD9-30B2-41DC-AF7E-161BB29E95EC}.Release|x64.ActiveCfg = Release|Any CPU
		{27BA3CD9-30B2-41DC-AF7E-161BB29E95EC}.Release|x64.Build.0 = Release|Any CPU
		{27BA3CD9-30B2-41DC-AF7E-161BB29E95EC}.Windows 10|x64.ActiveCfg = Windows 10|x64
		{27BA3CD9-30B2-41DC-AF7E-161BB29E95EC}.Windows 10|x64.Build.0 = Windows 10|x64
		{F27001C1-FE96-4268-BDD8-EC96AB50D2D6}.Debug|x64.ActiveCfg = Debug|Any CPU
		{F27001C1-FE96-4268-BDD8-EC96AB50D2D6}.Debug|x64.Build.0 = Debug|Any CPU
		{F27001C1-FE96-4268-BDD8-EC96AB50D2D6}.Release|x64.ActiveCfg = Release|Any CPU
		{F27001C1-FE96-4268-BDD8-EC96AB50D2D6}.Release|x64.Build.0 = Release|Any CPU
		{F27001C1-FE96-4268-BDD8-EC96AB50D2D6}.Windows 10|x64.ActiveCfg = Windows 10|x64
		{F27001C1-FE96-4268-BDD8-EC96AB50D2D6}.Windows 10|x64.Build.0 = Windows 10|x64
		{C37E61A7-0EF6-4488-B467-9F4497F78A01}.Debug|x64.ActiveCfg = Debug|x64
		{C37E61A7-0EF6-4488-B467-9F4497F78A01}.Release|x64.ActiveCfg = Release|x64
		{C37E61A7-0EF6-4488-B467-9F4497F78A01}.Windows 10|x64.ActiveCfg = Windows 10|x64
		{C37E61A7-0EF6-4488-B467-9F4497F78A01}.Windows 10|x64.Build.0 = Windows 10|x64
		{C37E61A7-0EF6-4488-B467-9F4497F78A01}.Windows 10|x64.Deploy.0 = Windows 10|x64
		{D2A9ACC7-40D5-4ABE-9ADD-DBB2E0451F96}.Debug|x64.ActiveCfg = Debug|x64
		{D2A9ACC7-40D5-4ABE-9ADD-DBB2E0451F96}.Debug|x64.Build.0 = Debug|x64
		{D2A9ACC7-40D5-4ABE-9ADD-DBB2E0451F96}.Release|x64.ActiveCfg = Release|x64
		{D2A9ACC7-40D5-4ABE-9ADD-DBB2E0451F96}.Release|x64.Build.0 = Release|x64
		{D2A9ACC7-40D5-4ABE-9ADD-DBB2E0451F96}.Windows 10|x64.ActiveCfg = Windows 10|x64
		{D2A9ACC7-40D5-4ABE-9ADD-DBB2E0451F96}.Windows 10|x64.Build.0 = Windows 10|x64
		{81B22B32-2F91-4EF3-BEBC-2CBAFEF5F67D}.Debug|x64.ActiveCfg = Debug|Any CPU
		{81B22B32-2F91-4EF3-BEBC-2CBAFEF5F67D}.Debug|x64.Build.0 = Debug|Any CPU
		{81B22B32-2F91-4EF3-BEBC-2CBAFEF5F67D}.Release|x64.ActiveCfg = Release|Any CPU
		{81B22B32-2F91-4EF3-BEBC-2CBAFEF5F67D}.Release|x64.Build.0 = Release|Any CPU
		{81B22B32-2F91-4EF3-BEBC-2CBAFEF5F67D}.Windows 10|x64.ActiveCfg = Windows 10|x64
		{81B22B32-2F91-4EF3-BEBC-2CBAFEF5F67D}.Windows 10|x64.Build.0 = Windows 10|x64
		{9C24C341-C995-4757-9192-C7C71FC76A6D}.Debug|x64.ActiveCfg = Debug|Any CPU
		{9C24C341-C995-4757-9192-C7C71FC76A6D}.Debug|x64.Build.0 = Debug|Any CPU
		{9C24C341-C995-4757-9192-C7C71FC76A6D}.Release|x64.ActiveCfg = Release|Any CPU
		{9C24C341-C995-4757-9192-C7C71FC76A6D}.Release|x64.Build.0 = Release|Any CPU
		{9C24C341-C995-4757-9192-C7C71FC76A6D}.Windows 10|x64.ActiveCfg = Windows 10|x64
		{9C24C341-C995-4757-9192-C7C71FC76A6D}.Windows 10|x64.Build.0 = Windows 10|x64
		{35CC37D6-FF24-4728-8D51-A3050C29F9DF}.Debug|x64.ActiveCfg = Debug|Any CPU
		{35CC37D6-FF24-4728-8D51-A3050C29F9DF}.Debug|x64.Build.0 = Debug|Any CPU
		{35CC37D6-FF24-4728-8D51-A3050C29F9DF}.Release|x64.ActiveCfg = Release|Any CPU
		{35CC37D6-FF24-4728-8D51-A3050C29F9DF}.Release|x64.Build.0 = Release|Any CPU
		{35CC37D6-FF24-4728-8D51-A3050C29F9DF}.Windows 10|x64.ActiveCfg = Windows 10|x64
		{35CC37D6-FF24-4728-8D51-A3050C29F9DF}.Windows 10|x64.Build.0 = Windows 10|x64
		{19F6C3CC-BF8E-43A5-A3EF-811DD6EF80F0}.Debug|x64.ActiveCfg = Debug|Any CPU
		{19F6C3CC-BF8E-43A5-A3EF-811DD6EF80F0}.Debug|x64.Build.0 = Debug|Any CPU
		{19F6C3CC-BF8E-43A5-A3EF-811DD6EF80F0}.Release|x64.ActiveCfg = Release|Any CPU
		{19F6C3CC-BF8E-43A5-A3EF-811DD6EF80F0}.Release|x64.Build.0 = Release|Any CPU
		{19F6C3CC-BF8E-43A5-A3EF-811DD6EF80F0}.Windows 10|x64.ActiveCfg = Windows 10|x64
		{19F6C3CC-BF8E-43A5-A3EF-811DD6EF80F0}.Windows 10|x64.Build.0 = Windows 10|x64
	EndGlobalSection
	GlobalSection(SolutionProperties) = preSolution
		HideSolutionNode = FALSE
	EndGlobalSection
	GlobalSection(NestedProjects) = preSolution
		{73A80AFA-C186-477A-A564-6936605AB6F0} = {8E4AB8AE-908C-4E21-AA6D-D5B49234006B}
		{B90F3977-C9D6-0781-2D78-FD59BA4EF19B} = {8C72A40F-1129-4C2E-8491-73E2CE1D78F5}
		{27BA3CD9-30B2-41DC-AF7E-161BB29E95EC} = {8C72A40F-1129-4C2E-8491-73E2CE1D78F5}
		{F27001C1-FE96-4268-BDD8-EC96AB50D2D6} = {8C72A40F-1129-4C2E-8491-73E2CE1D78F5}
		{C37E61A7-0EF6-4488-B467-9F4497F78A01} = {07857D74-52BB-4A79-9AA8-437E58898F5F}
		{D2A9ACC7-40D5-4ABE-9ADD-DBB2E0451F96} = {D4F01DCB-9B2C-4E00-85C7-1755F985CDCD}
		{81B22B32-2F91-4EF3-BEBC-2CBAFEF5F67D} = {D7E1C9F1-2011-42B2-8B3A-0C346F789264}
		{9C24C341-C995-4757-9192-C7C71FC76A6D} = {D804FB21-9B85-401A-B69F-82BA11AE48CD}
		{35CC37D6-FF24-4728-8D51-A3050C29F9DF} = {D804FB21-9B85-401A-B69F-82BA11AE48CD}
		{19F6C3CC-BF8E-43A5-A3EF-811DD6EF80F0} = {D4F01DCB-9B2C-4E00-85C7-1755F985CDCD}
	EndGlobalSection
	GlobalSection(ExtensibilityGlobals) = postSolution
		SolutionGuid = {69E88D4A-DA46-4C15-9986-58353753A1D4}
	EndGlobalSection
EndGlobal
